
Microsoft Visual Studio Solution File, Format Version 12.00
# Visual Studio 2013
VisualStudioVersion = 12.0.30110.0
MinimumVisualStudioVersion = 10.0.40219.1
Project("{FAE04EC0-301F-11D3-BF4B-00C04F79EFBC}") = "TheRavenDB.ConsoleSamples", "TheRavenDB.ConsoleSamples\TheRavenDB.ConsoleSamples.csproj", "{BE2C9D32-7272-4C54-A4E9-8157F7EB0172}"
EndProject
Global
	GlobalSection(CodealikeProperties) = postSolution
		SolutionGuid = eeecf2f3-d8b2-4d8a-9c62-1a3e51fc2ff8
	EndGlobalSection
	GlobalSection(SolutionConfigurationPlatforms) = preSolution
		Debug|Any CPU = Debug|Any CPU
		Release|Any CPU = Release|Any CPU
	EndGlobalSection
	GlobalSection(ProjectConfigurationPlatforms) = postSolution
		{BE2C9D32-7272-4C54-A4E9-8157F7EB0172}.Debug|Any CPU.ActiveCfg = Debug|Any CPU
		{BE2C9D32-7272-4C54-A4E9-8157F7EB0172}.Debug|Any CPU.Build.0 = Debug|Any CPU
		{BE2C9D32-7272-4C54-A4E9-8157F7EB0172}.Release|Any CPU.ActiveCfg = Release|Any CPU
		{BE2C9D32-7272-4C54-A4E9-8157F7EB0172}.Release|Any CPU.Build.0 = Release|Any CPU
	EndGlobalSection
	GlobalSection(SolutionProperties) = preSolution
		HideSolutionNode = FALSE
	EndGlobalSection
EndGlobal
